// !$*UTF8*$!
{
	archiveVersion = 1;
	classes = {
	};
	objectVersion = 55;
	objects = {

/* Begin PBXBuildFile section */
		A00BE4DE28B5444400D10216 /* PlantsPlannerApp.swift in Sources */ = {isa = PBXBuildFile; fileRef = A00BE4DD28B5444400D10216 /* PlantsPlannerApp.swift */; };
		A00BE4E028B5444400D10216 /* ContentView.swift in Sources */ = {isa = PBXBuildFile; fileRef = A00BE4DF28B5444400D10216 /* ContentView.swift */; };
		A00BE4E228B5444800D10216 /* Assets.xcassets in Resources */ = {isa = PBXBuildFile; fileRef = A00BE4E128B5444800D10216 /* Assets.xcassets */; };
		A00BE4E528B5444800D10216 /* Preview Assets.xcassets in Resources */ = {isa = PBXBuildFile; fileRef = A00BE4E428B5444800D10216 /* Preview Assets.xcassets */; };
		A00BE4EF28B5444900D10216 /* PlantsPlannerTests.swift in Sources */ = {isa = PBXBuildFile; fileRef = A00BE4EE28B5444900D10216 /* PlantsPlannerTests.swift */; };
		A00BE4F928B5444900D10216 /* PlantsPlannerUITests.swift in Sources */ = {isa = PBXBuildFile; fileRef = A00BE4F828B5444900D10216 /* PlantsPlannerUITests.swift */; };
		A00BE4FB28B5444900D10216 /* PlantsPlannerUITestsLaunchTests.swift in Sources */ = {isa = PBXBuildFile; fileRef = A00BE4FA28B5444900D10216 /* PlantsPlannerUITestsLaunchTests.swift */; };
		A00BE50828B54DE500D10216 /* CircleImage.swift in Sources */ = {isa = PBXBuildFile; fileRef = A00BE50728B54DE500D10216 /* CircleImage.swift */; };
		A00BE50A28B54F3300D10216 /* BgView.swift in Sources */ = {isa = PBXBuildFile; fileRef = A00BE50928B54F3300D10216 /* BgView.swift */; };
		A00BE50C28B554D300D10216 /* PlantsData.json in Resources */ = {isa = PBXBuildFile; fileRef = A00BE50B28B554D300D10216 /* PlantsData.json */; };
		A00BE50E28B5551100D10216 /* Plant.swift in Sources */ = {isa = PBXBuildFile; fileRef = A00BE50D28B5551100D10216 /* Plant.swift */; };
		A00BE51028B5584000D10216 /* ModelData.swift in Sources */ = {isa = PBXBuildFile; fileRef = A00BE50F28B5584000D10216 /* ModelData.swift */; };
		A00BE51528B55A1C00D10216 /* PlantRow.swift in Sources */ = {isa = PBXBuildFile; fileRef = A00BE51428B55A1C00D10216 /* PlantRow.swift */; };
		A00BE51928B55EDD00D10216 /* PlantList.swift in Sources */ = {isa = PBXBuildFile; fileRef = A00BE51828B55EDD00D10216 /* PlantList.swift */; };
		A00BE51B28B5603800D10216 /* PlantDetail.swift in Sources */ = {isa = PBXBuildFile; fileRef = A00BE51A28B5603800D10216 /* PlantDetail.swift */; };
/* End PBXBuildFile section */

/* Begin PBXContainerItemProxy section */
		A00BE4EB28B5444900D10216 /* PBXContainerItemProxy */ = {
			isa = PBXContainerItemProxy;
			containerPortal = A00BE4D228B5444400D10216 /* Project object */;
			proxyType = 1;
			remoteGlobalIDString = A00BE4D928B5444400D10216;
			remoteInfo = PlantsPlanner;
		};
		A00BE4F528B5444900D10216 /* PBXContainerItemProxy */ = {
			isa = PBXContainerItemProxy;
			containerPortal = A00BE4D228B5444400D10216 /* Project object */;
			proxyType = 1;
			remoteGlobalIDString = A00BE4D928B5444400D10216;
			remoteInfo = PlantsPlanner;
		};
/* End PBXContainerItemProxy section */

/* Begin PBXFileReference section */
		A00BE4DA28B5444400D10216 /* PlantsPlanner.app */ = {isa = PBXFileReference; explicitFileType = wrapper.application; includeInIndex = 0; path = PlantsPlanner.app; sourceTree = BUILT_PRODUCTS_DIR; };
		A00BE4DD28B5444400D10216 /* PlantsPlannerApp.swift */ = {isa = PBXFileReference; lastKnownFileType = sourcecode.swift; path = PlantsPlannerApp.swift; sourceTree = "<group>"; };
		A00BE4DF28B5444400D10216 /* ContentView.swift */ = {isa = PBXFileReference; lastKnownFileType = sourcecode.swift; path = ContentView.swift; sourceTree = "<group>"; };
		A00BE4E128B5444800D10216 /* Assets.xcassets */ = {isa = PBXFileReference; lastKnownFileType = folder.assetcatalog; path = Assets.xcassets; sourceTree = "<group>"; };
		A00BE4E428B5444800D10216 /* Preview Assets.xcassets */ = {isa = PBXFileReference; lastKnownFileType = folder.assetcatalog; path = "Preview Assets.xcassets"; sourceTree = "<group>"; };
		A00BE4EA28B5444900D10216 /* PlantsPlannerTests.xctest */ = {isa = PBXFileReference; explicitFileType = wrapper.cfbundle; includeInIndex = 0; path = PlantsPlannerTests.xctest; sourceTree = BUILT_PRODUCTS_DIR; };
		A00BE4EE28B5444900D10216 /* PlantsPlannerTests.swift */ = {isa = PBXFileReference; lastKnownFileType = sourcecode.swift; path = PlantsPlannerTests.swift; sourceTree = "<group>"; };
		A00BE4F428B5444900D10216 /* PlantsPlannerUITests.xctest */ = {isa = PBXFileReference; explicitFileType = wrapper.cfbundle; includeInIndex = 0; path = PlantsPlannerUITests.xctest; sourceTree = BUILT_PRODUCTS_DIR; };
		A00BE4F828B5444900D10216 /* PlantsPlannerUITests.swift */ = {isa = PBXFileReference; lastKnownFileType = sourcecode.swift; path = PlantsPlannerUITests.swift; sourceTree = "<group>"; };
		A00BE4FA28B5444900D10216 /* PlantsPlannerUITestsLaunchTests.swift */ = {isa = PBXFileReference; lastKnownFileType = sourcecode.swift; path = PlantsPlannerUITestsLaunchTests.swift; sourceTree = "<group>"; };
		A00BE50728B54DE500D10216 /* CircleImage.swift */ = {isa = PBXFileReference; lastKnownFileType = sourcecode.swift; path = CircleImage.swift; sourceTree = "<group>"; };
		A00BE50928B54F3300D10216 /* BgView.swift */ = {isa = PBXFileReference; lastKnownFileType = sourcecode.swift; path = BgView.swift; sourceTree = "<group>"; };
		A00BE50B28B554D300D10216 /* PlantsData.json */ = {isa = PBXFileReference; fileEncoding = 4; lastKnownFileType = text.json; path = PlantsData.json; sourceTree = "<group>"; };
		A00BE50D28B5551100D10216 /* Plant.swift */ = {isa = PBXFileReference; lastKnownFileType = sourcecode.swift; path = Plant.swift; sourceTree = "<group>"; };
		A00BE50F28B5584000D10216 /* ModelData.swift */ = {isa = PBXFileReference; lastKnownFileType = sourcecode.swift; path = ModelData.swift; sourceTree = "<group>"; };
		A00BE51428B55A1C00D10216 /* PlantRow.swift */ = {isa = PBXFileReference; lastKnownFileType = sourcecode.swift; path = PlantRow.swift; sourceTree = "<group>"; };
		A00BE51828B55EDD00D10216 /* PlantList.swift */ = {isa = PBXFileReference; lastKnownFileType = sourcecode.swift; path = PlantList.swift; sourceTree = "<group>"; };
		A00BE51A28B5603800D10216 /* PlantDetail.swift */ = {isa = PBXFileReference; lastKnownFileType = sourcecode.swift; path = PlantDetail.swift; sourceTree = "<group>"; };
/* End PBXFileReference section */

/* Begin PBXFrameworksBuildPhase section */
		A00BE4D728B5444400D10216 /* Frameworks */ = {
			isa = PBXFrameworksBuildPhase;
			buildActionMask = 2147483647;
			files = (
			);
			runOnlyForDeploymentPostprocessing = 0;
		};
		A00BE4E728B5444900D10216 /* Frameworks */ = {
			isa = PBXFrameworksBuildPhase;
			buildActionMask = 2147483647;
			files = (
			);
			runOnlyForDeploymentPostprocessing = 0;
		};
		A00BE4F128B5444900D10216 /* Frameworks */ = {
			isa = PBXFrameworksBuildPhase;
			buildActionMask = 2147483647;
			files = (
			);
			runOnlyForDeploymentPostprocessing = 0;
		};
/* End PBXFrameworksBuildPhase section */

/* Begin PBXGroup section */
		A00BE4D128B5444400D10216 = {
			isa = PBXGroup;
			children = (
				A00BE4DC28B5444400D10216 /* PlantsPlanner */,
				A00BE4ED28B5444900D10216 /* PlantsPlannerTests */,
				A00BE4F728B5444900D10216 /* PlantsPlannerUITests */,
				A00BE4DB28B5444400D10216 /* Products */,
			);
			sourceTree = "<group>";
		};
		A00BE4DB28B5444400D10216 /* Products */ = {
			isa = PBXGroup;
			children = (
				A00BE4DA28B5444400D10216 /* PlantsPlanner.app */,
				A00BE4EA28B5444900D10216 /* PlantsPlannerTests.xctest */,
				A00BE4F428B5444900D10216 /* PlantsPlannerUITests.xctest */,
			);
			name = Products;
			sourceTree = "<group>";
		};
		A00BE4DC28B5444400D10216 /* PlantsPlanner */ = {
			isa = PBXGroup;
			children = (
				A00BE4DD28B5444400D10216 /* PlantsPlannerApp.swift */,
				A00BE51128B558CE00D10216 /* Views */,
				A00BE51328B5594500D10216 /* Model */,
				A00BE51228B5591800D10216 /* Resources */,
				A00BE4E128B5444800D10216 /* Assets.xcassets */,
				A00BE4E328B5444800D10216 /* Preview Content */,
			);
			path = PlantsPlanner;
			sourceTree = "<group>";
		};
		A00BE4E328B5444800D10216 /* Preview Content */ = {
			isa = PBXGroup;
			children = (
				A00BE4E428B5444800D10216 /* Preview Assets.xcassets */,
			);
			path = "Preview Content";
			sourceTree = "<group>";
		};
		A00BE4ED28B5444900D10216 /* PlantsPlannerTests */ = {
			isa = PBXGroup;
			children = (
				A00BE4EE28B5444900D10216 /* PlantsPlannerTests.swift */,
			);
			path = PlantsPlannerTests;
			sourceTree = "<group>";
		};
		A00BE4F728B5444900D10216 /* PlantsPlannerUITests */ = {
			isa = PBXGroup;
			children = (
				A00BE4F828B5444900D10216 /* PlantsPlannerUITests.swift */,
				A00BE4FA28B5444900D10216 /* PlantsPlannerUITestsLaunchTests.swift */,
			);
			path = PlantsPlannerUITests;
			sourceTree = "<group>";
		};
		A00BE51128B558CE00D10216 /* Views */ = {
			isa = PBXGroup;
			children = (
				A00BE50728B54DE500D10216 /* CircleImage.swift */,
				A00BE50928B54F3300D10216 /* BgView.swift */,
				A00BE4DF28B5444400D10216 /* ContentView.swift */,
				A00BE51428B55A1C00D10216 /* PlantRow.swift */,
				A00BE51828B55EDD00D10216 /* PlantList.swift */,
				A00BE51A28B5603800D10216 /* PlantDetail.swift */,
			);
			path = Views;
			sourceTree = "<group>";
		};
		A00BE51228B5591800D10216 /* Resources */ = {
			isa = PBXGroup;
			children = (
				A00BE50B28B554D300D10216 /* PlantsData.json */,
			);
			path = Resources;
			sourceTree = "<group>";
		};
		A00BE51328B5594500D10216 /* Model */ = {
			isa = PBXGroup;
			children = (
				A00BE50D28B5551100D10216 /* Plant.swift */,
				A00BE50F28B5584000D10216 /* ModelData.swift */,
			);
			path = Model;
			sourceTree = "<group>";
		};
/* End PBXGroup section */

/* Begin PBXNativeTarget section */
		A00BE4D928B5444400D10216 /* PlantsPlanner */ = {
			isa = PBXNativeTarget;
			buildConfigurationList = A00BE4FE28B5444900D10216 /* Build configuration list for PBXNativeTarget "PlantsPlanner" */;
			buildPhases = (
				A00BE4D628B5444400D10216 /* Sources */,
				A00BE4D728B5444400D10216 /* Frameworks */,
				A00BE4D828B5444400D10216 /* Resources */,
			);
			buildRules = (
			);
			dependencies = (
			);
			name = PlantsPlanner;
			productName = PlantsPlanner;
			productReference = A00BE4DA28B5444400D10216 /* PlantsPlanner.app */;
			productType = "com.apple.product-type.application";
		};
		A00BE4E928B5444900D10216 /* PlantsPlannerTests */ = {
			isa = PBXNativeTarget;
			buildConfigurationList = A00BE50128B5444900D10216 /* Build configuration list for PBXNativeTarget "PlantsPlannerTests" */;
			buildPhases = (
				A00BE4E628B5444900D10216 /* Sources */,
				A00BE4E728B5444900D10216 /* Frameworks */,
				A00BE4E828B5444900D10216 /* Resources */,
			);
			buildRules = (
			);
			dependencies = (
				A00BE4EC28B5444900D10216 /* PBXTargetDependency */,
			);
			name = PlantsPlannerTests;
			productName = PlantsPlannerTests;
			productReference = A00BE4EA28B5444900D10216 /* PlantsPlannerTests.xctest */;
			productType = "com.apple.product-type.bundle.unit-test";
		};
		A00BE4F328B5444900D10216 /* PlantsPlannerUITests */ = {
			isa = PBXNativeTarget;
			buildConfigurationList = A00BE50428B5444900D10216 /* Build configuration list for PBXNativeTarget "PlantsPlannerUITests" */;
			buildPhases = (
				A00BE4F028B5444900D10216 /* Sources */,
				A00BE4F128B5444900D10216 /* Frameworks */,
				A00BE4F228B5444900D10216 /* Resources */,
			);
			buildRules = (
			);
			dependencies = (
				A00BE4F628B5444900D10216 /* PBXTargetDependency */,
			);
			name = PlantsPlannerUITests;
			productName = PlantsPlannerUITests;
			productReference = A00BE4F428B5444900D10216 /* PlantsPlannerUITests.xctest */;
			productType = "com.apple.product-type.bundle.ui-testing";
		};
/* End PBXNativeTarget section */

/* Begin PBXProject section */
		A00BE4D228B5444400D10216 /* Project object */ = {
			isa = PBXProject;
			attributes = {
				BuildIndependentTargetsInParallel = 1;
				LastSwiftUpdateCheck = 1340;
				LastUpgradeCheck = 1340;
				TargetAttributes = {
					A00BE4D928B5444400D10216 = {
						CreatedOnToolsVersion = 13.4.1;
					};
					A00BE4E928B5444900D10216 = {
						CreatedOnToolsVersion = 13.4.1;
						TestTargetID = A00BE4D928B5444400D10216;
					};
					A00BE4F328B5444900D10216 = {
						CreatedOnToolsVersion = 13.4.1;
						TestTargetID = A00BE4D928B5444400D10216;
					};
				};
			};
			buildConfigurationList = A00BE4D528B5444400D10216 /* Build configuration list for PBXProject "PlantsPlanner" */;
			compatibilityVersion = "Xcode 13.0";
			developmentRegion = en;
			hasScannedForEncodings = 0;
			knownRegions = (
				en,
				Base,
			);
			mainGroup = A00BE4D128B5444400D10216;
			productRefGroup = A00BE4DB28B5444400D10216 /* Products */;
			projectDirPath = "";
			projectRoot = "";
			targets = (
				A00BE4D928B5444400D10216 /* PlantsPlanner */,
				A00BE4E928B5444900D10216 /* PlantsPlannerTests */,
				A00BE4F328B5444900D10216 /* PlantsPlannerUITests */,
			);
		};
/* End PBXProject section */

/* Begin PBXResourcesBuildPhase section */
		A00BE4D828B5444400D10216 /* Resources */ = {
			isa = PBXResourcesBuildPhase;
			buildActionMask = 2147483647;
			files = (
				A00BE50C28B554D300D10216 /* PlantsData.json in Resources */,
				A00BE4E528B5444800D10216 /* Preview Assets.xcassets in Resources */,
				A00BE4E228B5444800D10216 /* Assets.xcassets in Resources */,
			);
			runOnlyForDeploymentPostprocessing = 0;
		};
		A00BE4E828B5444900D10216 /* Resources */ = {
			isa = PBXResourcesBuildPhase;
			buildActionMask = 2147483647;
			files = (
			);
			runOnlyForDeploymentPostprocessing = 0;
		};
		A00BE4F228B5444900D10216 /* Resources */ = {
			isa = PBXResourcesBuildPhase;
			buildActionMask = 2147483647;
			files = (
			);
			runOnlyForDeploymentPostprocessing = 0;
		};
/* End PBXResourcesBuildPhase section */

/* Begin PBXSourcesBuildPhase section */
		A00BE4D628B5444400D10216 /* Sources */ = {
			isa = PBXSourcesBuildPhase;
			buildActionMask = 2147483647;
			files = (
				A00BE4E028B5444400D10216 /* ContentView.swift in Sources */,
				A00BE4DE28B5444400D10216 /* PlantsPlannerApp.swift in Sources */,
				A00BE51528B55A1C00D10216 /* PlantRow.swift in Sources */,
				A00BE50E28B5551100D10216 /* Plant.swift in Sources */,
				A00BE50828B54DE500D10216 /* CircleImage.swift in Sources */,
				A00BE51928B55EDD00D10216 /* PlantList.swift in Sources */,
				A00BE51B28B5603800D10216 /* PlantDetail.swift in Sources */,
				A00BE50A28B54F3300D10216 /* BgView.swift in Sources */,
				A00BE51028B5584000D10216 /* ModelData.swift in Sources */,
			);
			runOnlyForDeploymentPostprocessing = 0;
		};
		A00BE4E628B5444900D10216 /* Sources */ = {
			isa = PBXSourcesBuildPhase;
			buildActionMask = 2147483647;
			files = (
				A00BE4EF28B5444900D10216 /* PlantsPlannerTests.swift in Sources */,
			);
			runOnlyForDeploymentPostprocessing = 0;
		};
		A00BE4F028B5444900D10216 /* Sources */ = {
			isa = PBXSourcesBuildPhase;
			buildActionMask = 2147483647;
			files = (
				A00BE4F928B5444900D10216 /* PlantsPlannerUITests.swift in Sources */,
				A00BE4FB28B5444900D10216 /* PlantsPlannerUITestsLaunchTests.swift in Sources */,
			);
			runOnlyForDeploymentPostprocessing = 0;
		};
/* End PBXSourcesBuildPhase section */

/* Begin PBXTargetDependency section */
		A00BE4EC28B5444900D10216 /* PBXTargetDependency */ = {
			isa = PBXTargetDependency;
			target = A00BE4D928B5444400D10216 /* PlantsPlanner */;
			targetProxy = A00BE4EB28B5444900D10216 /* PBXContainerItemProxy */;
		};
		A00BE4F628B5444900D10216 /* PBXTargetDependency */ = {
			isa = PBXTargetDependency;
			target = A00BE4D928B5444400D10216 /* PlantsPlanner */;
			targetProxy = A00BE4F528B5444900D10216 /* PBXContainerItemProxy */;
		};
/* End PBXTargetDependency section */

/* Begin XCBuildConfiguration section */
		A00BE4FC28B5444900D10216 /* Debug */ = {
			isa = XCBuildConfiguration;
			buildSettings = {
				ALWAYS_SEARCH_USER_PATHS = NO;
				CLANG_ANALYZER_NONNULL = YES;
				CLANG_ANALYZER_NUMBER_OBJECT_CONVERSION = YES_AGGRESSIVE;
				CLANG_CXX_LANGUAGE_STANDARD = "gnu++17";
				CLANG_ENABLE_MODULES = YES;
				CLANG_ENABLE_OBJC_ARC = YES;
				CLANG_ENABLE_OBJC_WEAK = YES;
				CLANG_WARN_BLOCK_CAPTURE_AUTORELEASING = YES;
				CLANG_WARN_BOOL_CONVERSION = YES;
				CLANG_WARN_COMMA = YES;
				CLANG_WARN_CONSTANT_CONVERSION = YES;
				CLANG_WARN_DEPRECATED_OBJC_IMPLEMENTATIONS = YES;
				CLANG_WARN_DIRECT_OBJC_ISA_USAGE = YES_ERROR;
				CLANG_WARN_DOCUMENTATION_COMMENTS = YES;
				CLANG_WARN_EMPTY_BODY = YES;
				CLANG_WARN_ENUM_CONVERSION = YES;
				CLANG_WARN_INFINITE_RECURSION = YES;
				CLANG_WARN_INT_CONVERSION = YES;
				CLANG_WARN_NON_LITERAL_NULL_CONVERSION = YES;
				CLANG_WARN_OBJC_IMPLICIT_RETAIN_SELF = YES;
				CLANG_WARN_OBJC_LITERAL_CONVERSION = YES;
				CLANG_WARN_OBJC_ROOT_CLASS = YES_ERROR;
				CLANG_WARN_QUOTED_INCLUDE_IN_FRAMEWORK_HEADER = YES;
				CLANG_WARN_RANGE_LOOP_ANALYSIS = YES;
				CLANG_WARN_STRICT_PROTOTYPES = YES;
				CLANG_WARN_SUSPICIOUS_MOVE = YES;
				CLANG_WARN_UNGUARDED_AVAILABILITY = YES_AGGRESSIVE;
				CLANG_WARN_UNREACHABLE_CODE = YES;
				CLANG_WARN__DUPLICATE_METHOD_MATCH = YES;
				COPY_PHASE_STRIP = NO;
				DEBUG_INFORMATION_FORMAT = dwarf;
				ENABLE_STRICT_OBJC_MSGSEND = YES;
				ENABLE_TESTABILITY = YES;
				GCC_C_LANGUAGE_STANDARD = gnu11;
				GCC_DYNAMIC_NO_PIC = NO;
				GCC_NO_COMMON_BLOCKS = YES;
				GCC_OPTIMIZATION_LEVEL = 0;
				GCC_PREPROCESSOR_DEFINITIONS = (
					"DEBUG=1",
					"$(inherited)",
				);
				GCC_WARN_64_TO_32_BIT_CONVERSION = YES;
				GCC_WARN_ABOUT_RETURN_TYPE = YES_ERROR;
				GCC_WARN_UNDECLARED_SELECTOR = YES;
				GCC_WARN_UNINITIALIZED_AUTOS = YES_AGGRESSIVE;
				GCC_WARN_UNUSED_FUNCTION = YES;
				GCC_WARN_UNUSED_VARIABLE = YES;
				IPHONEOS_DEPLOYMENT_TARGET = 15.5;
				MTL_ENABLE_DEBUG_INFO = INCLUDE_SOURCE;
				MTL_FAST_MATH = YES;
				ONLY_ACTIVE_ARCH = YES;
				SDKROOT = iphoneos;
				SWIFT_ACTIVE_COMPILATION_CONDITIONS = DEBUG;
				SWIFT_OPTIMIZATION_LEVEL = "-Onone";
			};
			name = Debug;
		};
		A00BE4FD28B5444900D10216 /* Release */ = {
			isa = XCBuildConfiguration;
			buildSettings = {
				ALWAYS_SEARCH_USER_PATHS = NO;
				CLANG_ANALYZER_NONNULL = YES;
				CLANG_ANALYZER_NUMBER_OBJECT_CONVERSION = YES_AGGRESSIVE;
				CLANG_CXX_LANGUAGE_STANDARD = "gnu++17";
				CLANG_ENABLE_MODULES = YES;
				CLANG_ENABLE_OBJC_ARC = YES;
				CLANG_ENABLE_OBJC_WEAK = YES;
				CLANG_WARN_BLOCK_CAPTURE_AUTORELEASING = YES;
				CLANG_WARN_BOOL_CONVERSION = YES;
				CLANG_WARN_COMMA = YES;
				CLANG_WARN_CONSTANT_CONVERSION = YES;
				CLANG_WARN_DEPRECATED_OBJC_IMPLEMENTATIONS = YES;
				CLANG_WARN_DIRECT_OBJC_ISA_USAGE = YES_ERROR;
				CLANG_WARN_DOCUMENTATION_COMMENTS = YES;
				CLANG_WARN_EMPTY_BODY = YES;
				CLANG_WARN_ENUM_CONVERSION = YES;
				CLANG_WARN_INFINITE_RECURSION = YES;
				CLANG_WARN_INT_CONVERSION = YES;
				CLANG_WARN_NON_LITERAL_NULL_CONVERSION = YES;
				CLANG_WARN_OBJC_IMPLICIT_RETAIN_SELF = YES;
				CLANG_WARN_OBJC_LITERAL_CONVERSION = YES;
				CLANG_WARN_OBJC_ROOT_CLASS = YES_ERROR;
				CLANG_WARN_QUOTED_INCLUDE_IN_FRAMEWORK_HEADER = YES;
				CLANG_WARN_RANGE_LOOP_ANALYSIS = YES;
				CLANG_WARN_STRICT_PROTOTYPES = YES;
				CLANG_WARN_SUSPICIOUS_MOVE = YES;
				CLANG_WARN_UNGUARDED_AVAILABILITY = YES_AGGRESSIVE;
				CLANG_WARN_UNREACHABLE_CODE = YES;
				CLANG_WARN__DUPLICATE_METHOD_MATCH = YES;
				COPY_PHASE_STRIP = NO;
				DEBUG_INFORMATION_FORMAT = "dwarf-with-dsym";
				ENABLE_NS_ASSERTIONS = NO;
				ENABLE_STRICT_OBJC_MSGSEND = YES;
				GCC_C_LANGUAGE_STANDARD = gnu11;
				GCC_NO_COMMON_BLOCKS = YES;
				GCC_WARN_64_TO_32_BIT_CONVERSION = YES;
				GCC_WARN_ABOUT_RETURN_TYPE = YES_ERROR;
				GCC_WARN_UNDECLARED_SELECTOR = YES;
				GCC_WARN_UNINITIALIZED_AUTOS = YES_AGGRESSIVE;
				GCC_WARN_UNUSED_FUNCTION = YES;
				GCC_WARN_UNUSED_VARIABLE = YES;
				IPHONEOS_DEPLOYMENT_TARGET = 15.5;
				MTL_ENABLE_DEBUG_INFO = NO;
				MTL_FAST_MATH = YES;
				SDKROOT = iphoneos;
				SWIFT_COMPILATION_MODE = wholemodule;
				SWIFT_OPTIMIZATION_LEVEL = "-O";
				VALIDATE_PRODUCT = YES;
			};
			name = Release;
		};
		A00BE4FF28B5444900D10216 /* Debug */ = {
			isa = XCBuildConfiguration;
			buildSettings = {
				ASSETCATALOG_COMPILER_APPICON_NAME = AppIcon;
				ASSETCATALOG_COMPILER_GLOBAL_ACCENT_COLOR_NAME = AccentColor;
				CODE_SIGN_STYLE = Automatic;
				CURRENT_PROJECT_VERSION = 1;
				DEVELOPMENT_ASSET_PATHS = "\"PlantsPlanner/Preview Content\"";
				ENABLE_PREVIEWS = YES;
				GENERATE_INFOPLIST_FILE = YES;
				INFOPLIST_KEY_UIApplicationSceneManifest_Generation = YES;
				INFOPLIST_KEY_UIApplicationSupportsIndirectInputEvents = YES;
				INFOPLIST_KEY_UILaunchScreen_Generation = YES;
				INFOPLIST_KEY_UISupportedInterfaceOrientations_iPad = "UIInterfaceOrientationPortrait UIInterfaceOrientationPortraitUpsideDown UIInterfaceOrientationLandscapeLeft UIInterfaceOrientationLandscapeRight";
				INFOPLIST_KEY_UISupportedInterfaceOrientations_iPhone = "UIInterfaceOrientationPortrait UIInterfaceOrientationLandscapeLeft UIInterfaceOrientationLandscapeRight";
				LD_RUNPATH_SEARCH_PATHS = (
					"$(inherited)",
					"@executable_path/Frameworks",
				);
				MARKETING_VERSION = 1.0;
				PRODUCT_BUNDLE_IDENTIFIER = keetmine.PlantsPlanner;
				PRODUCT_NAME = "$(TARGET_NAME)";
				SWIFT_EMIT_LOC_STRINGS = YES;
				SWIFT_VERSION = 5.0;
				TARGETED_DEVICE_FAMILY = "1,2";
			};
			name = Debug;
		};
		A00BE50028B5444900D10216 /* Release */ = {
			isa = XCBuildConfiguration;
			buildSettings = {
				ASSETCATALOG_COMPILER_APPICON_NAME = AppIcon;
				ASSETCATALOG_COMPILER_GLOBAL_ACCENT_COLOR_NAME = AccentColor;
				CODE_SIGN_STYLE = Automatic;
				CURRENT_PROJECT_VERSION = 1;
				DEVELOPMENT_ASSET_PATHS = "\"PlantsPlanner/Preview Content\"";
				ENABLE_PREVIEWS = YES;
				GENERATE_INFOPLIST_FILE = YES;
				INFOPLIST_KEY_UIApplicationSceneManifest_Generation = YES;
				INFOPLIST_KEY_UIApplicationSupportsIndirectInputEvents = YES;
				INFOPLIST_KEY_UILaunchScreen_Generation = YES;
				INFOPLIST_KEY_UISupportedInterfaceOrientations_iPad = "UIInterfaceOrientationPortrait UIInterfaceOrientationPortraitUpsideDown UIInterfaceOrientationLandscapeLeft UIInterfaceOrientationLandscapeRight";
				INFOPLIST_KEY_UISupportedInterfaceOrientations_iPhone = "UIInterfaceOrientationPortrait UIInterfaceOrientationLandscapeLeft UIInterfaceOrientationLandscapeRight";
				LD_RUNPATH_SEARCH_PATHS = (
					"$(inherited)",
					"@executable_path/Frameworks",
				);
				MARKETING_VERSION = 1.0;
				PRODUCT_BUNDLE_IDENTIFIER = keetmine.PlantsPlanner;
				PRODUCT_NAME = "$(TARGET_NAME)";
				SWIFT_EMIT_LOC_STRINGS = YES;
				SWIFT_VERSION = 5.0;
				TARGETED_DEVICE_FAMILY = "1,2";
			};
			name = Release;
		};
		A00BE50228B5444900D10216 /* Debug */ = {
			isa = XCBuildConfiguration;
			buildSettings = {
				ALWAYS_EMBED_SWIFT_STANDARD_LIBRARIES = YES;
				BUNDLE_LOADER = "$(TEST_HOST)";
				CODE_SIGN_STYLE = Automatic;
				CURRENT_PROJECT_VERSION = 1;
				GENERATE_INFOPLIST_FILE = YES;
				IPHONEOS_DEPLOYMENT_TARGET = 15.5;
				MARKETING_VERSION = 1.0;
				PRODUCT_BUNDLE_IDENTIFIER = keetmine.PlantsPlannerTests;
				PRODUCT_NAME = "$(TARGET_NAME)";
				SWIFT_EMIT_LOC_STRINGS = NO;
				SWIFT_VERSION = 5.0;
				TARGETED_DEVICE_FAMILY = "1,2";
				TEST_HOST = "$(BUILT_PRODUCTS_DIR)/PlantsPlanner.app/PlantsPlanner";
			};
			name = Debug;
		};
		A00BE50328B5444900D10216 /* Release */ = {
			isa = XCBuildConfiguration;
			buildSettings = {
				ALWAYS_EMBED_SWIFT_STANDARD_LIBRARIES = YES;
				BUNDLE_LOADER = "$(TEST_HOST)";
				CODE_SIGN_STYLE = Automatic;
				CURRENT_PROJECT_VERSION = 1;
				GENERATE_INFOPLIST_FILE = YES;
				IPHONEOS_DEPLOYMENT_TARGET = 15.5;
				MARKETING_VERSION = 1.0;
				PRODUCT_BUNDLE_IDENTIFIER = keetmine.PlantsPlannerTests;
				PRODUCT_NAME = "$(TARGET_NAME)";
				SWIFT_EMIT_LOC_STRINGS = NO;
				SWIFT_VERSION = 5.0;
				TARGETED_DEVICE_FAMILY = "1,2";
				TEST_HOST = "$(BUILT_PRODUCTS_DIR)/PlantsPlanner.app/PlantsPlanner";
			};
			name = Release;
		};
		A00BE50528B5444900D10216 /* Debug */ = {
			isa = XCBuildConfiguration;
			buildSettings = {
				ALWAYS_EMBED_SWIFT_STANDARD_LIBRARIES = YES;
				CODE_SIGN_STYLE = Automatic;
				CURRENT_PROJECT_VERSION = 1;
				GENERATE_INFOPLIST_FILE = YES;
				MARKETING_VERSION = 1.0;
				PRODUCT_BUNDLE_IDENTIFIER = keetmine.PlantsPlannerUITests;
				PRODUCT_NAME = "$(TARGET_NAME)";
				SWIFT_EMIT_LOC_STRINGS = NO;
				SWIFT_VERSION = 5.0;
				TARGETED_DEVICE_FAMILY = "1,2";
				TEST_TARGET_NAME = PlantsPlanner;
			};
			name = Debug;
		};
		A00BE50628B5444900D10216 /* Release */ = {
			isa = XCBuildConfiguration;
			buildSettings = {
				ALWAYS_EMBED_SWIFT_STANDARD_LIBRARIES = YES;
				CODE_SIGN_STYLE = Automatic;
				CURRENT_PROJECT_VERSION = 1;
				GENERATE_INFOPLIST_FILE = YES;
				MARKETING_VERSION = 1.0;
				PRODUCT_BUNDLE_IDENTIFIER = keetmine.PlantsPlannerUITests;
				PRODUCT_NAME = "$(TARGET_NAME)";
				SWIFT_EMIT_LOC_STRINGS = NO;
				SWIFT_VERSION = 5.0;
				TARGETED_DEVICE_FAMILY = "1,2";
				TEST_TARGET_NAME = PlantsPlanner;
			};
			name = Release;
		};
/* End XCBuildConfiguration section */

/* Begin XCConfigurationList section */
		A00BE4D528B5444400D10216 /* Build configuration list for PBXProject "PlantsPlanner" */ = {
			isa = XCConfigurationList;
			buildConfigurations = (
				A00BE4FC28B5444900D10216 /* Debug */,
				A00BE4FD28B5444900D10216 /* Release */,
			);
			defaultConfigurationIsVisible = 0;
			defaultConfigurationName = Release;
		};
		A00BE4FE28B5444900D10216 /* Build configuration list for PBXNativeTarget "PlantsPlanner" */ = {
			isa = XCConfigurationList;
			buildConfigurations = (
				A00BE4FF28B5444900D10216 /* Debug */,
				A00BE50028B5444900D10216 /* Release */,
			);
			defaultConfigurationIsVisible = 0;
			defaultConfigurationName = Release;
		};
		A00BE50128B5444900D10216 /* Build configuration list for PBXNativeTarget "PlantsPlannerTests" */ = {
			isa = XCConfigurationList;
			buildConfigurations = (
				A00BE50228B5444900D10216 /* Debug */,
				A00BE50328B5444900D10216 /* Release */,
			);
			defaultConfigurationIsVisible = 0;
			defaultConfigurationName = Release;
		};
		A00BE50428B5444900D10216 /* Build configuration list for PBXNativeTarget "PlantsPlannerUITests" */ = {
			isa = XCConfigurationList;
			buildConfigurations = (
				A00BE50528B5444900D10216 /* Debug */,
				A00BE50628B5444900D10216 /* Release */,
			);
			defaultConfigurationIsVisible = 0;
			defaultConfigurationName = Release;
		};
/* End XCConfigurationList section */
	};
	rootObject = A00BE4D228B5444400D10216 /* Project object */;
}
